
Microsoft Visual Studio Solution File, Format Version 12.00
# Visual Studio Version 16
VisualStudioVersion = 16.0.31702.278
MinimumVisualStudioVersion = 10.0.40219.1
Project("{FAE04EC0-301F-11D3-BF4B-00C04F79EFBC}") = "Graph", "Graph\Graph.csproj", "{035F322B-8FC7-4912-89DA-ABD37D8BE09B}"
EndProject
Global
	GlobalSection(SolutionConfigurationPlatforms) = preSolution
		Debug|Any CPU = Debug|Any CPU
		Release|Any CPU = Release|Any CPU
	EndGlobalSection
	GlobalSection(ProjectConfigurationPlatforms) = postSolution
		{035F322B-8FC7-4912-89DA-ABD37D8BE09B}.Debug|Any CPU.ActiveCfg = Debug|Any CPU
		{035F322B-8FC7-4912-89DA-ABD37D8BE09B}.Debug|Any CPU.Build.0 = Debug|Any CPU
		{035F322B-8FC7-4912-89DA-ABD37D8BE09B}.Release|Any CPU.ActiveCfg = Release|Any CPU
		{035F322B-8FC7-4912-89DA-ABD37D8BE09B}.Release|Any CPU.Build.0 = Release|Any CPU
	EndGlobalSection
	GlobalSection(SolutionProperties) = preSolution
		HideSolutionNode = FALSE
	EndGlobalSection
	GlobalSection(ExtensibilityGlobals) = postSolution
		SolutionGuid = {9B880E1D-4E49-4FFD-9D78-00F370385602}
	EndGlobalSection
EndGlobal
